
Microsoft Visual Studio Solution File, Format Version 12.00
# Visual Studio Version 17
VisualStudioVersion = 17.0.32112.339
MinimumVisualStudioVersion = 10.0.40219.1
Project("{FAE04EC0-301F-11D3-BF4B-00C04F79EFBC}") = "AzureStorageMVC", "AzureStorageMVC\AzureStorageMVC.csproj", "{EA156822-839E-4D39-8A56-A2112FB23B46}"
EndProject
Global
	GlobalSection(SolutionConfigurationPlatforms) = preSolution
		Debug|Any CPU = Debug|Any CPU
		Release|Any CPU = Release|Any CPU
	EndGlobalSection
	GlobalSection(ProjectConfigurationPlatforms) = postSolution
		{EA156822-839E-4D39-8A56-A2112FB23B46}.Debug|Any CPU.ActiveCfg = Debug|Any CPU
		{EA156822-839E-4D39-8A56-A2112FB23B46}.Debug|Any CPU.Build.0 = Debug|Any CPU
		{EA156822-839E-4D39-8A56-A2112FB23B46}.Release|Any CPU.ActiveCfg = Release|Any CPU
		{EA156822-839E-4D39-8A56-A2112FB23B46}.Release|Any CPU.Build.0 = Release|Any CPU
	EndGlobalSection
	GlobalSection(SolutionProperties) = preSolution
		HideSolutionNode = FALSE
	EndGlobalSection
	GlobalSection(ExtensibilityGlobals) = postSolution
		SolutionGuid = {8E0029B1-9E92-43B8-9E74-8FF6172139CC}
	EndGlobalSection
EndGlobal
